
Microsoft Visual Studio Solution File, Format Version 12.00
# Visual Studio 15
VisualStudioVersion = 15.0.28307.1340
MinimumVisualStudioVersion = 10.0.40219.1
Project("{8BC9CEB8-8B4A-11D0-8D11-00A0C91BC942}") = "PythonDllCallBack", "PythonDllCallBack\PythonDllCallBack.vcxproj", "{DD02FA78-F15C-49BC-ADF9-0D78BA89EA2B}"
EndProject
Project("{8BC9CEB8-8B4A-11D0-8D11-00A0C91BC942}") = "CTPMd", "CTPMd\CTPMd.vcxproj", "{94A3A4BE-E23B-4D7E-8995-D4EF596B93BD}"
EndProject
Global
	GlobalSection(SolutionConfigurationPlatforms) = preSolution
		Debug|x64 = Debug|x64
		Debug|x86 = Debug|x86
		Release|x64 = Release|x64
		Release|x86 = Release|x86
	EndGlobalSection
	GlobalSection(ProjectConfigurationPlatforms) = postSolution
		{DD02FA78-F15C-49BC-ADF9-0D78BA89EA2B}.Debug|x64.ActiveCfg = Debug|x64
		{DD02FA78-F15C-49BC-ADF9-0D78BA89EA2B}.Debug|x64.Build.0 = Debug|x64
		{DD02FA78-F15C-49BC-ADF9-0D78BA89EA2B}.Debug|x86.ActiveCfg = Debug|Win32
		{DD02FA78-F15C-49BC-ADF9-0D78BA89EA2B}.Debug|x86.Build.0 = Debug|Win32
		{DD02FA78-F15C-49BC-ADF9-0D78BA89EA2B}.Release|x64.ActiveCfg = Release|x64
		{DD02FA78-F15C-49BC-ADF9-0D78BA89EA2B}.Release|x64.Build.0 = Release|x64
		{DD02FA78-F15C-49BC-ADF9-0D78BA89EA2B}.Release|x86.ActiveCfg = Release|Win32
		{DD02FA78-F15C-49BC-ADF9-0D78BA89EA2B}.Release|x86.Build.0 = Release|Win32
		{94A3A4BE-E23B-4D7E-8995-D4EF596B93BD}.Debug|x64.ActiveCfg = Debug|x64
		{94A3A4BE-E23B-4D7E-8995-D4EF596B93BD}.Debug|x64.Build.0 = Debug|x64
		{94A3A4BE-E23B-4D7E-8995-D4EF596B93BD}.Debug|x86.ActiveCfg = Debug|Win32
		{94A3A4BE-E23B-4D7E-8995-D4EF596B93BD}.Debug|x86.Build.0 = Debug|Win32
		{94A3A4BE-E23B-4D7E-8995-D4EF596B93BD}.Release|x64.ActiveCfg = Release|x64
		{94A3A4BE-E23B-4D7E-8995-D4EF596B93BD}.Release|x64.Build.0 = Release|x64
		{94A3A4BE-E23B-4D7E-8995-D4EF596B93BD}.Release|x86.ActiveCfg = Release|Win32
		{94A3A4BE-E23B-4D7E-8995-D4EF596B93BD}.Release|x86.Build.0 = Release|Win32
	EndGlobalSection
	GlobalSection(SolutionProperties) = preSolution
		HideSolutionNode = FALSE
	EndGlobalSection
	GlobalSection(ExtensibilityGlobals) = postSolution
		SolutionGuid = {1E67CAD8-C869-4A1E-AB8A-AFE595FD8855}
	EndGlobalSection
EndGlobal
